
Microsoft Visual Studio Solution File, Format Version 12.00
# Visual Studio Version 17
VisualStudioVersion = 17.10.35004.147
MinimumVisualStudioVersion = 10.0.40219.1
Project("{FAE04EC0-301F-11D3-BF4B-00C04F79EFBC}") = "Sistema de vendas", "Sistema de vendas\Sistema de vendas.csproj", "{078F2E1C-FC24-482B-B754-B31D5C2E3139}"
EndProject
Global
	GlobalSection(SolutionConfigurationPlatforms) = preSolution
		Debug|Any CPU = Debug|Any CPU
		Release|Any CPU = Release|Any CPU
	EndGlobalSection
	GlobalSection(ProjectConfigurationPlatforms) = postSolution
		{078F2E1C-FC24-482B-B754-B31D5C2E3139}.Debug|Any CPU.ActiveCfg = Debug|Any CPU
		{078F2E1C-FC24-482B-B754-B31D5C2E3139}.Debug|Any CPU.Build.0 = Debug|Any CPU
		{078F2E1C-FC24-482B-B754-B31D5C2E3139}.Release|Any CPU.ActiveCfg = Release|Any CPU
		{078F2E1C-FC24-482B-B754-B31D5C2E3139}.Release|Any CPU.Build.0 = Release|Any CPU
	EndGlobalSection
	GlobalSection(SolutionProperties) = preSolution
		HideSolutionNode = FALSE
	EndGlobalSection
	GlobalSection(ExtensibilityGlobals) = postSolution
		SolutionGuid = {AD895EC6-8166-4AB2-81F7-55E19D250193}
	EndGlobalSection
EndGlobal
